<?xml version="1.0" encoding="utf-8"?>
<Project ToolsVersion="4.0" xmlns="http://schemas.microsoft.com/developer/msbuild/2003">
  <ItemGroup>
    <Filter Include="ソース ファイル">
      <UniqueIdentifier>{4FC737F1-C7A5-4376-A066-2A32D752A2FF}</UniqueIdentifier>
      <Extensions>cpp;c;cc;cxx;def;odl;idl;hpj;bat;asm;asmx</Extensions>
    </Filter>
    <Filter Include="ヘッダー ファイル">
      <UniqueIdentifier>{93995380-89BD-4b04-88EB-625FBE52EBFB}</UniqueIdentifier>
      <Extensions>h;hpp;hxx;hm;inl;inc;xsd</Extensions>
    </Filter>
    <Filter Include="リソース ファイル">
      <UniqueIdentifier>{67DA6AB6-F800-4c08-8B7A-83BB121AAD01}</UniqueIdentifier>
      <Extensions>rc;ico;cur;bmp;dlg;rc2;rct;bin;rgs;gif;jpg;jpeg;jpe;resx;tiff;tif;png;wav</Extensions>
    </Filter>
    <Filter Include="common">
      <UniqueIdentifier>{3793f8cd-282b-4200-b05b-057c82932470}</UniqueIdentifier>
    </Filter>
    <Filter Include="graphics">
      <UniqueIdentifier>{802d8ea0-5ebd-477f-acb5-159c0e03d3e3}</UniqueIdentifier>
    </Filter>
  </ItemGroup>
  <ItemGroup>
    <ClCompile Include="libs.cpp">
      <Filter>ソース ファイル</Filter>
    </ClCompile>
    <ClCompile Include="main.cpp">
      <Filter>ソース ファイル</Filter>
    </ClCompile>
    <ClCompile Include="main_plus.cpp">
      <Filter>ソース ファイル</Filter>
    </ClCompile>
    <ClCompile Include="common\gdiplus_setup.cpp">
      <Filter>common</Filter>
    </ClCompile>
    <ClCompile Include="common\sse2.cpp">
      <Filter>common</Filter>
    </ClCompile>
    <ClCompile Include="common\trace.cpp">
      <Filter>common</Filter>
    </ClCompile>
    <ClCompile Include="common\winutil.cpp">
      <Filter>common</Filter>
    </ClCompile>
    <ClCompile Include="graphics\graphics.cpp">
      <Filter>graphics</Filter>
    </ClCompile>
    <ClCompile Include="graphics\graphics_DrawCircle.cpp">
      <Filter>graphics</Filter>
    </ClCompile>
    <ClCompile Include="graphics\graphics_DrawFilledCircleAA.cpp">
      <Filter>graphics</Filter>
    </ClCompile>
    <ClCompile Include="graphics\graphics_DrawRectangle.cpp">
      <Filter>graphics</Filter>
    </ClCompile>
    <ClCompile Include="graphics\graphics_DrawTriangle.cpp">
      <Filter>graphics</Filter>
    </ClCompile>
    <ClCompile Include="graphics\graphics_impl_common.cpp">
      <Filter>graphics</Filter>
    </ClCompile>
  </ItemGroup>
  <ItemGroup>
    <ClInclude Include="main_plus.h">
      <Filter>ヘッダー ファイル</Filter>
    </ClInclude>
    <ClInclude Include="Resource.h">
      <Filter>ヘッダー ファイル</Filter>
    </ClInclude>
    <ClInclude Include="targetver.h">
      <Filter>ヘッダー ファイル</Filter>
    </ClInclude>
    <ClInclude Include="common\arrayutil.h">
      <Filter>common</Filter>
    </ClInclude>
    <ClInclude Include="common\common.h">
      <Filter>common</Filter>
    </ClInclude>
    <ClInclude Include="common\optional.h">
      <Filter>common</Filter>
    </ClInclude>
    <ClInclude Include="common\sse2.h">
      <Filter>common</Filter>
    </ClInclude>
    <ClInclude Include="common\stdint.h">
      <Filter>common</Filter>
    </ClInclude>
    <ClInclude Include="common\timer.h">
      <Filter>common</Filter>
    </ClInclude>
    <ClInclude Include="common\trace.h">
      <Filter>common</Filter>
    </ClInclude>
    <ClInclude Include="common\varray.h">
      <Filter>common</Filter>
    </ClInclude>
    <ClInclude Include="common\winutil.h">
      <Filter>common</Filter>
    </ClInclude>
    <ClInclude Include="graphics\graphics.h">
      <Filter>graphics</Filter>
    </ClInclude>
    <ClInclude Include="graphics\graphics_impl_common.h">
      <Filter>graphics</Filter>
    </ClInclude>
  </ItemGroup>
  <ItemGroup>
    <Image Include="DrawCircleTest.ico">
      <Filter>リソース ファイル</Filter>
    </Image>
    <Image Include="small.ico">
      <Filter>リソース ファイル</Filter>
    </Image>
  </ItemGroup>
  <ItemGroup>
    <ResourceCompile Include="DrawCircleTest.rc">
      <Filter>リソース ファイル</Filter>
    </ResourceCompile>
  </ItemGroup>
</Project>